
Microsoft Visual Studio Solution File, Format Version 12.00
# Visual Studio Version 17
VisualStudioVersion = 17.9.34622.214
MinimumVisualStudioVersion = 10.0.40219.1
Project("{FAE04EC0-301F-11D3-BF4B-00C04F79EFBC}") = "Homework.C#ADV.Class7.Domain", "Homework.C#ADV.Class7.Domain\Homework.C#ADV.Class7.Domain.csproj", "{8F54A0C4-B6BA-479A-BE1A-CCF6F715CB52}"
EndProject
Project("{FAE04EC0-301F-11D3-BF4B-00C04F79EFBC}") = "Homework.C#ADV.Class7", "Homework.C#ADV.Class7\Homework.C#ADV.Class7.csproj", "{96D2BC72-67E1-4011-B239-16AE0C11BF7A}"
EndProject
Global
	GlobalSection(SolutionConfigurationPlatforms) = preSolution
		Debug|Any CPU = Debug|Any CPU
		Release|Any CPU = Release|Any CPU
	EndGlobalSection
	GlobalSection(ProjectConfigurationPlatforms) = postSolution
		{8F54A0C4-B6BA-479A-BE1A-CCF6F715CB52}.Debug|Any CPU.ActiveCfg = Debug|Any CPU
		{8F54A0C4-B6BA-479A-BE1A-CCF6F715CB52}.Debug|Any CPU.Build.0 = Debug|Any CPU
		{8F54A0C4-B6BA-479A-BE1A-CCF6F715CB52}.Release|Any CPU.ActiveCfg = Release|Any CPU
		{8F54A0C4-B6BA-479A-BE1A-CCF6F715CB52}.Release|Any CPU.Build.0 = Release|Any CPU
		{96D2BC72-67E1-4011-B239-16AE0C11BF7A}.Debug|Any CPU.ActiveCfg = Debug|Any CPU
		{96D2BC72-67E1-4011-B239-16AE0C11BF7A}.Debug|Any CPU.Build.0 = Debug|Any CPU
		{96D2BC72-67E1-4011-B239-16AE0C11BF7A}.Release|Any CPU.ActiveCfg = Release|Any CPU
		{96D2BC72-67E1-4011-B239-16AE0C11BF7A}.Release|Any CPU.Build.0 = Release|Any CPU
	EndGlobalSection
	GlobalSection(SolutionProperties) = preSolution
		HideSolutionNode = FALSE
	EndGlobalSection
	GlobalSection(ExtensibilityGlobals) = postSolution
		SolutionGuid = {F7743DF9-977E-49D4-B26C-F40802C5680F}
	EndGlobalSection
EndGlobal
