
Microsoft Visual Studio Solution File, Format Version 12.00
# Visual Studio Version 17
VisualStudioVersion = 17.9.34622.214
MinimumVisualStudioVersion = 10.0.40219.1
Project("{FAE04EC0-301F-11D3-BF4B-00C04F79EFBC}") = "Excercise3", "Excercise3\Excercise3.csproj", "{80FE946E-2099-42C8-9BE3-1FDBDE018A6D}"
EndProject
Global
	GlobalSection(SolutionConfigurationPlatforms) = preSolution
		Debug|Any CPU = Debug|Any CPU
		Release|Any CPU = Release|Any CPU
	EndGlobalSection
	GlobalSection(ProjectConfigurationPlatforms) = postSolution
		{80FE946E-2099-42C8-9BE3-1FDBDE018A6D}.Debug|Any CPU.ActiveCfg = Debug|Any CPU
		{80FE946E-2099-42C8-9BE3-1FDBDE018A6D}.Debug|Any CPU.Build.0 = Debug|Any CPU
		{80FE946E-2099-42C8-9BE3-1FDBDE018A6D}.Release|Any CPU.ActiveCfg = Release|Any CPU
		{80FE946E-2099-42C8-9BE3-1FDBDE018A6D}.Release|Any CPU.Build.0 = Release|Any CPU
	EndGlobalSection
	GlobalSection(SolutionProperties) = preSolution
		HideSolutionNode = FALSE
	EndGlobalSection
	GlobalSection(ExtensibilityGlobals) = postSolution
		SolutionGuid = {59870CA8-0026-42E5-8D03-83E2847AF2FD}
	EndGlobalSection
EndGlobal
